
Microsoft Visual Studio Solution File, Format Version 12.00
# Visual Studio Version 17
VisualStudioVersion = 17.11.35327.3
MinimumVisualStudioVersion = 10.0.40219.1
Project("{FAE04EC0-301F-11D3-BF4B-00C04F79EFBC}") = "SCCM-Installer", "SCCM-Installer\SCCM-Installer.csproj", "{2D1E6C3E-F19D-4713-8044-01AFBD24B5F9}"
EndProject
Global
	GlobalSection(SolutionConfigurationPlatforms) = preSolution
		Debug|Any CPU = Debug|Any CPU
		Debug|ARM64 = Debug|ARM64
		Debug|x64 = Debug|x64
		Release|Any CPU = Release|Any CPU
		Release|ARM64 = Release|ARM64
		Release|x64 = Release|x64
	EndGlobalSection
	GlobalSection(ProjectConfigurationPlatforms) = postSolution
		{2D1E6C3E-F19D-4713-8044-01AFBD24B5F9}.Debug|Any CPU.ActiveCfg = Debug|Any CPU
		{2D1E6C3E-F19D-4713-8044-01AFBD24B5F9}.Debug|Any CPU.Build.0 = Debug|Any CPU
		{2D1E6C3E-F19D-4713-8044-01AFBD24B5F9}.Debug|ARM64.ActiveCfg = Debug|ARM64
		{2D1E6C3E-F19D-4713-8044-01AFBD24B5F9}.Debug|ARM64.Build.0 = Debug|ARM64
		{2D1E6C3E-F19D-4713-8044-01AFBD24B5F9}.Debug|x64.ActiveCfg = Debug|x64
		{2D1E6C3E-F19D-4713-8044-01AFBD24B5F9}.Debug|x64.Build.0 = Debug|x64
		{2D1E6C3E-F19D-4713-8044-01AFBD24B5F9}.Release|Any CPU.ActiveCfg = Release|Any CPU
		{2D1E6C3E-F19D-4713-8044-01AFBD24B5F9}.Release|Any CPU.Build.0 = Release|Any CPU
		{2D1E6C3E-F19D-4713-8044-01AFBD24B5F9}.Release|ARM64.ActiveCfg = Release|ARM64
		{2D1E6C3E-F19D-4713-8044-01AFBD24B5F9}.Release|ARM64.Build.0 = Release|ARM64
		{2D1E6C3E-F19D-4713-8044-01AFBD24B5F9}.Release|x64.ActiveCfg = Release|x64
		{2D1E6C3E-F19D-4713-8044-01AFBD24B5F9}.Release|x64.Build.0 = Release|x64
	EndGlobalSection
	GlobalSection(SolutionProperties) = preSolution
		HideSolutionNode = FALSE
	EndGlobalSection
	GlobalSection(ExtensibilityGlobals) = postSolution
		SolutionGuid = {EABB29FC-7376-4DA4-A17B-CBF839D4E236}
	EndGlobalSection
EndGlobal
